// !$*UTF8*$!
{
	archiveVersion = 1;
	classes = {
	};
	objectVersion = 77;
	objects = {

/* Begin PBXContainerItemProxy section */
		05FDE40F2CFD8F8600AB112B /* PBXContainerItemProxy */ = {
			isa = PBXContainerItemProxy;
			containerPortal = 05FDE3F02CFD8F8500AB112B /* Project object */;
			proxyType = 1;
			remoteGlobalIDString = 05FDE3F72CFD8F8500AB112B;
			remoteInfo = practyice111;
		};
		05FDE4192CFD8F8600AB112B /* PBXContainerItemProxy */ = {
			isa = PBXContainerItemProxy;
			containerPortal = 05FDE3F02CFD8F8500AB112B /* Project object */;
			proxyType = 1;
			remoteGlobalIDString = 05FDE3F72CFD8F8500AB112B;
			remoteInfo = practyice111;
		};
/* End PBXContainerItemProxy section */

/* Begin PBXFileReference section */
		05FDE3F82CFD8F8500AB112B /* practyice111.app */ = {isa = PBXFileReference; explicitFileType = wrapper.application; includeInIndex = 0; path = practyice111.app; sourceTree = BUILT_PRODUCTS_DIR; };
		05FDE40E2CFD8F8600AB112B /* practyice111Tests.xctest */ = {isa = PBXFileReference; explicitFileType = wrapper.cfbundle; includeInIndex = 0; path = practyice111Tests.xctest; sourceTree = BUILT_PRODUCTS_DIR; };
		05FDE4182CFD8F8600AB112B /* practyice111UITests.xctest */ = {isa = PBXFileReference; explicitFileType = wrapper.cfbundle; includeInIndex = 0; path = practyice111UITests.xctest; sourceTree = BUILT_PRODUCTS_DIR; };
/* End PBXFileReference section */

/* Begin PBXFileSystemSynchronizedBuildFileExceptionSet section */
		05FDE4202CFD8F8600AB112B /* Exceptions for "practyice111" folder in "practyice111" target */ = {
			isa = PBXFileSystemSynchronizedBuildFileExceptionSet;
			membershipExceptions = (
				Info.plist,
			);
			target = 05FDE3F72CFD8F8500AB112B /* practyice111 */;
		};
/* End PBXFileSystemSynchronizedBuildFileExceptionSet section */

/* Begin PBXFileSystemSynchronizedRootGroup section */
		05FDE3FA2CFD8F8500AB112B /* practyice111 */ = {
			isa = PBXFileSystemSynchronizedRootGroup;
			exceptions = (
				05FDE4202CFD8F8600AB112B /* Exceptions for "practyice111" folder in "practyice111" target */,
			);
			path = practyice111;
			sourceTree = "<group>";
		};
		05FDE4112CFD8F8600AB112B /* practyice111Tests */ = {
			isa = PBXFileSystemSynchronizedRootGroup;
			path = practyice111Tests;
			sourceTree = "<group>";
		};
		05FDE41B2CFD8F8600AB112B /* practyice111UITests */ = {
			isa = PBXFileSystemSynchronizedRootGroup;
			path = practyice111UITests;
			sourceTree = "<group>";
		};
/* End PBXFileSystemSynchronizedRootGroup section */

/* Begin PBXFrameworksBuildPhase section */
		05FDE3F52CFD8F8500AB112B /* Frameworks */ = {
			isa = PBXFrameworksBuildPhase;
			buildActionMask = 2147483647;
			files = (
			);
			runOnlyForDeploymentPostprocessing = 0;
		};
		05FDE40B2CFD8F8600AB112B /* Frameworks */ = {
			isa = PBXFrameworksBuildPhase;
			buildActionMask = 2147483647;
			files = (
			);
			runOnlyForDeploymentPostprocessing = 0;
		};
		05FDE4152CFD8F8600AB112B /* Frameworks */ = {
			isa = PBXFrameworksBuildPhase;
			buildActionMask = 2147483647;
			files = (
			);
			runOnlyForDeploymentPostprocessing = 0;
		};
/* End PBXFrameworksBuildPhase section */

/* Begin PBXGroup section */
		05FDE3EF2CFD8F8500AB112B = {
			isa = PBXGroup;
			children = (
				05FDE3FA2CFD8F8500AB112B /* practyice111 */,
				05FDE4112CFD8F8600AB112B /* practyice111Tests */,
				05FDE41B2CFD8F8600AB112B /* practyice111UITests */,
				05FDE3F92CFD8F8500AB112B /* Products */,
			);
			sourceTree = "<group>";
		};
		05FDE3F92CFD8F8500AB112B /* Products */ = {
			isa = PBXGroup;
			children = (
				05FDE3F82CFD8F8500AB112B /* practyice111.app */,
				05FDE40E2CFD8F8600AB112B /* practyice111Tests.xctest */,
				05FDE4182CFD8F8600AB112B /* practyice111UITests.xctest */,
			);
			name = Products;
			sourceTree = "<group>";
		};
/* End PBXGroup section */

/* Begin PBXNativeTarget section */
		05FDE3F72CFD8F8500AB112B /* practyice111 */ = {
			isa = PBXNativeTarget;
			buildConfigurationList = 05FDE4212CFD8F8600AB112B /* Build configuration list for PBXNativeTarget "practyice111" */;
			buildPhases = (
				05FDE3F42CFD8F8500AB112B /* Sources */,
				05FDE3F52CFD8F8500AB112B /* Frameworks */,
				05FDE3F62CFD8F8500AB112B /* Resources */,
			);
			buildRules = (
			);
			dependencies = (
			);
			fileSystemSynchronizedGroups = (
				05FDE3FA2CFD8F8500AB112B /* practyice111 */,
			);
			name = practyice111;
			packageProductDependencies = (
			);
			productName = practyice111;
			productReference = 05FDE3F82CFD8F8500AB112B /* practyice111.app */;
			productType = "com.apple.product-type.application";
		};
		05FDE40D2CFD8F8600AB112B /* practyice111Tests */ = {
			isa = PBXNativeTarget;
			buildConfigurationList = 05FDE4262CFD8F8600AB112B /* Build configuration list for PBXNativeTarget "practyice111Tests" */;
			buildPhases = (
				05FDE40A2CFD8F8600AB112B /* Sources */,
				05FDE40B2CFD8F8600AB112B /* Frameworks */,
				05FDE40C2CFD8F8600AB112B /* Resources */,
			);
			buildRules = (
			);
			dependencies = (
				05FDE4102CFD8F8600AB112B /* PBXTargetDependency */,
			);
			fileSystemSynchronizedGroups = (
				05FDE4112CFD8F8600AB112B /* practyice111Tests */,
			);
			name = practyice111Tests;
			packageProductDependencies = (
			);
			productName = practyice111Tests;
			productReference = 05FDE40E2CFD8F8600AB112B /* practyice111Tests.xctest */;
			productType = "com.apple.product-type.bundle.unit-test";
		};
		05FDE4172CFD8F8600AB112B /* practyice111UITests */ = {
			isa = PBXNativeTarget;
			buildConfigurationList = 05FDE4292CFD8F8600AB112B /* Build configuration list for PBXNativeTarget "practyice111UITests" */;
			buildPhases = (
				05FDE4142CFD8F8600AB112B /* Sources */,
				05FDE4152CFD8F8600AB112B /* Frameworks */,
				05FDE4162CFD8F8600AB112B /* Resources */,
			);
			buildRules = (
			);
			dependencies = (
				05FDE41A2CFD8F8600AB112B /* PBXTargetDependency */,
			);
			fileSystemSynchronizedGroups = (
				05FDE41B2CFD8F8600AB112B /* practyice111UITests */,
			);
			name = practyice111UITests;
			packageProductDependencies = (
			);
			productName = practyice111UITests;
			productReference = 05FDE4182CFD8F8600AB112B /* practyice111UITests.xctest */;
			productType = "com.apple.product-type.bundle.ui-testing";
		};
/* End PBXNativeTarget section */

/* Begin PBXProject section */
		05FDE3F02CFD8F8500AB112B /* Project object */ = {
			isa = PBXProject;
			attributes = {
				BuildIndependentTargetsInParallel = 1;
				LastSwiftUpdateCheck = 1610;
				LastUpgradeCheck = 1610;
				TargetAttributes = {
					05FDE3F72CFD8F8500AB112B = {
						CreatedOnToolsVersion = 16.1;
					};
					05FDE40D2CFD8F8600AB112B = {
						CreatedOnToolsVersion = 16.1;
						TestTargetID = 05FDE3F72CFD8F8500AB112B;
					};
					05FDE4172CFD8F8600AB112B = {
						CreatedOnToolsVersion = 16.1;
						TestTargetID = 05FDE3F72CFD8F8500AB112B;
					};
				};
			};
			buildConfigurationList = 05FDE3F32CFD8F8500AB112B /* Build configuration list for PBXProject "practyice111" */;
			developmentRegion = en;
			hasScannedForEncodings = 0;
			knownRegions = (
				en,
				Base,
			);
			mainGroup = 05FDE3EF2CFD8F8500AB112B;
			minimizedProjectReferenceProxies = 1;
			preferredProjectObjectVersion = 77;
			productRefGroup = 05FDE3F92CFD8F8500AB112B /* Products */;
			projectDirPath = "";
			projectRoot = "";
			targets = (
				05FDE3F72CFD8F8500AB112B /* practyice111 */,
				05FDE40D2CFD8F8600AB112B /* practyice111Tests */,
				05FDE4172CFD8F8600AB112B /* practyice111UITests */,
			);
		};
/* End PBXProject section */

/* Begin PBXResourcesBuildPhase section */
		05FDE3F62CFD8F8500AB112B /* Resources */ = {
			isa = PBXResourcesBuildPhase;
			buildActionMask = 2147483647;
			files = (
			);
			runOnlyForDeploymentPostprocessing = 0;
		};
		05FDE40C2CFD8F8600AB112B /* Resources */ = {
			isa = PBXResourcesBuildPhase;
			buildActionMask = 2147483647;
			files = (
			);
			runOnlyForDeploymentPostprocessing = 0;
		};
		05FDE4162CFD8F8600AB112B /* Resources */ = {
			isa = PBXResourcesBuildPhase;
			buildActionMask = 2147483647;
			files = (
			);
			runOnlyForDeploymentPostprocessing = 0;
		};
/* End PBXResourcesBuildPhase section */

/* Begin PBXSourcesBuildPhase section */
		05FDE3F42CFD8F8500AB112B /* Sources */ = {
			isa = PBXSourcesBuildPhase;
			buildActionMask = 2147483647;
			files = (
			);
			runOnlyForDeploymentPostprocessing = 0;
		};
		05FDE40A2CFD8F8600AB112B /* Sources */ = {
			isa = PBXSourcesBuildPhase;
			buildActionMask = 2147483647;
			files = (
			);
			runOnlyForDeploymentPostprocessing = 0;
		};
		05FDE4142CFD8F8600AB112B /* Sources */ = {
			isa = PBXSourcesBuildPhase;
			buildActionMask = 2147483647;
			files = (
			);
			runOnlyForDeploymentPostprocessing = 0;
		};
/* End PBXSourcesBuildPhase section */

/* Begin PBXTargetDependency section */
		05FDE4102CFD8F8600AB112B /* PBXTargetDependency */ = {
			isa = PBXTargetDependency;
			target = 05FDE3F72CFD8F8500AB112B /* practyice111 */;
			targetProxy = 05FDE40F2CFD8F8600AB112B /* PBXContainerItemProxy */;
		};
		05FDE41A2CFD8F8600AB112B /* PBXTargetDependency */ = {
			isa = PBXTargetDependency;
			target = 05FDE3F72CFD8F8500AB112B /* practyice111 */;
			targetProxy = 05FDE4192CFD8F8600AB112B /* PBXContainerItemProxy */;
		};
/* End PBXTargetDependency section */

/* Begin XCBuildConfiguration section */
		05FDE4222CFD8F8600AB112B /* Debug */ = {
			isa = XCBuildConfiguration;
			buildSettings = {
				ASSETCATALOG_COMPILER_APPICON_NAME = AppIcon;
				ASSETCATALOG_COMPILER_GLOBAL_ACCENT_COLOR_NAME = AccentColor;
				CODE_SIGN_STYLE = Automatic;
				CURRENT_PROJECT_VERSION = 1;
				GENERATE_INFOPLIST_FILE = YES;
				INFOPLIST_FILE = practyice111/Info.plist;
				INFOPLIST_KEY_UIApplicationSupportsIndirectInputEvents = YES;
				INFOPLIST_KEY_UILaunchStoryboardName = LaunchScreen;
				INFOPLIST_KEY_UIMainStoryboardFile = Main;
				INFOPLIST_KEY_UISupportedInterfaceOrientations_iPad = "UIInterfaceOrientationPortrait UIInterfaceOrientationPortraitUpsideDown UIInterfaceOrientationLandscapeLeft UIInterfaceOrientationLandscapeRight";
				INFOPLIST_KEY_UISupportedInterfaceOrientations_iPhone = "UIInterfaceOrientationPortrait UIInterfaceOrientationLandscapeLeft UIInterfaceOrientationLandscapeRight";
				LD_RUNPATH_SEARCH_PATHS = (
					"$(inherited)",
					"@executable_path/Frameworks",
				);
				MARKETING_VERSION = 1.0;
				PRODUCT_BUNDLE_IDENTIFIER = com.example.practyice111;
				PRODUCT_NAME = "$(TARGET_NAME)";
				SWIFT_EMIT_LOC_STRINGS = YES;
				SWIFT_VERSION = 5.0;
				TARGETED_DEVICE_FAMILY = "1,2";
			};
			name = Debug;
		};
		05FDE4232CFD8F8600AB112B /* Release */ = {
			isa = XCBuildConfiguration;
			buildSettings = {
				ASSETCATALOG_COMPILER_APPICON_NAME = AppIcon;
				ASSETCATALOG_COMPILER_GLOBAL_ACCENT_COLOR_NAME = AccentColor;
				CODE_SIGN_STYLE = Automatic;
				CURRENT_PROJECT_VERSION = 1;
				GENERATE_INFOPLIST_FILE = YES;
				INFOPLIST_FILE = practyice111/Info.plist;
				INFOPLIST_KEY_UIApplicationSupportsIndirectInputEvents = YES;
				INFOPLIST_KEY_UILaunchStoryboardName = LaunchScreen;
				INFOPLIST_KEY_UIMainStoryboardFile = Main;
				INFOPLIST_KEY_UISupportedInterfaceOrientations_iPad = "UIInterfaceOrientationPortrait UIInterfaceOrientationPortraitUpsideDown UIInterfaceOrientationLandscapeLeft UIInterfaceOrientationLandscapeRight";
				INFOPLIST_KEY_UISupportedInterfaceOrientations_iPhone = "UIInterfaceOrientationPortrait UIInterfaceOrientationLandscapeLeft UIInterfaceOrientationLandscapeRight";
				LD_RUNPATH_SEARCH_PATHS = (
					"$(inherited)",
					"@executable_path/Frameworks",
				);
				MARKETING_VERSION = 1.0;
				PRODUCT_BUNDLE_IDENTIFIER = com.example.practyice111;
				PRODUCT_NAME = "$(TARGET_NAME)";
				SWIFT_EMIT_LOC_STRINGS = YES;
				SWIFT_VERSION = 5.0;
				TARGETED_DEVICE_FAMILY = "1,2";
			};
			name = Release;
		};
		05FDE4242CFD8F8600AB112B /* Debug */ = {
			isa = XCBuildConfiguration;
			buildSettings = {
				ALWAYS_SEARCH_USER_PATHS = NO;
				ASSETCATALOG_COMPILER_GENERATE_SWIFT_ASSET_SYMBOL_EXTENSIONS = YES;
				CLANG_ANALYZER_NONNULL = YES;
				CLANG_ANALYZER_NUMBER_OBJECT_CONVERSION = YES_AGGRESSIVE;
				CLANG_CXX_LANGUAGE_STANDARD = "gnu++20";
				CLANG_ENABLE_MODULES = YES;
				CLANG_ENABLE_OBJC_ARC = YES;
				CLANG_ENABLE_OBJC_WEAK = YES;
				CLANG_WARN_BLOCK_CAPTURE_AUTORELEASING = YES;
				CLANG_WARN_BOOL_CONVERSION = YES;
				CLANG_WARN_COMMA = YES;
				CLANG_WARN_CONSTANT_CONVERSION = YES;
				CLANG_WARN_DEPRECATED_OBJC_IMPLEMENTATIONS = YES;
				CLANG_WARN_DIRECT_OBJC_ISA_USAGE = YES_ERROR;
				CLANG_WARN_DOCUMENTATION_COMMENTS = YES;
				CLANG_WARN_EMPTY_BODY = YES;
				CLANG_WARN_ENUM_CONVERSION = YES;
				CLANG_WARN_INFINITE_RECURSION = YES;
				CLANG_WARN_INT_CONVERSION = YES;
				CLANG_WARN_NON_LITERAL_NULL_CONVERSION = YES;
				CLANG_WARN_OBJC_IMPLICIT_RETAIN_SELF = YES;
				CLANG_WARN_OBJC_LITERAL_CONVERSION = YES;
				CLANG_WARN_OBJC_ROOT_CLASS = YES_ERROR;
				CLANG_WARN_QUOTED_INCLUDE_IN_FRAMEWORK_HEADER = YES;
				CLANG_WARN_RANGE_LOOP_ANALYSIS = YES;
				CLANG_WARN_STRICT_PROTOTYPES = YES;
				CLANG_WARN_SUSPICIOUS_MOVE = YES;
				CLANG_WARN_UNGUARDED_AVAILABILITY = YES_AGGRESSIVE;
				CLANG_WARN_UNREACHABLE_CODE = YES;
				CLANG_WARN__DUPLICATE_METHOD_MATCH = YES;
				COPY_PHASE_STRIP = NO;
				DEBUG_INFORMATION_FORMAT = dwarf;
				ENABLE_STRICT_OBJC_MSGSEND = YES;
				ENABLE_TESTABILITY = YES;
				ENABLE_USER_SCRIPT_SANDBOXING = YES;
				GCC_C_LANGUAGE_STANDARD = gnu17;
				GCC_DYNAMIC_NO_PIC = NO;
				GCC_NO_COMMON_BLOCKS = YES;
				GCC_OPTIMIZATION_LEVEL = 0;
				GCC_PREPROCESSOR_DEFINITIONS = (
					"DEBUG=1",
					"$(inherited)",
				);
				GCC_WARN_64_TO_32_BIT_CONVERSION = YES;
				GCC_WARN_ABOUT_RETURN_TYPE = YES_ERROR;
				GCC_WARN_UNDECLARED_SELECTOR = YES;
				GCC_WARN_UNINITIALIZED_AUTOS = YES_AGGRESSIVE;
				GCC_WARN_UNUSED_FUNCTION = YES;
				GCC_WARN_UNUSED_VARIABLE = YES;
				IPHONEOS_DEPLOYMENT_TARGET = 18.1;
				LOCALIZATION_PREFERS_STRING_CATALOGS = YES;
				MTL_ENABLE_DEBUG_INFO = INCLUDE_SOURCE;
				MTL_FAST_MATH = YES;
				ONLY_ACTIVE_ARCH = YES;
				SDKROOT = iphoneos;
				SWIFT_ACTIVE_COMPILATION_CONDITIONS = "DEBUG $(inherited)";
				SWIFT_OPTIMIZATION_LEVEL = "-Onone";
			};
			name = Debug;
		};
		05FDE4252CFD8F8600AB112B /* Release */ = {
			isa = XCBuildConfiguration;
			buildSettings = {
				ALWAYS_SEARCH_USER_PATHS = NO;
				ASSETCATALOG_COMPILER_GENERATE_SWIFT_ASSET_SYMBOL_EXTENSIONS = YES;
				CLANG_ANALYZER_NONNULL = YES;
				CLANG_ANALYZER_NUMBER_OBJECT_CONVERSION = YES_AGGRESSIVE;
				CLANG_CXX_LANGUAGE_STANDARD = "gnu++20";
				CLANG_ENABLE_MODULES = YES;
				CLANG_ENABLE_OBJC_ARC = YES;
				CLANG_ENABLE_OBJC_WEAK = YES;
				CLANG_WARN_BLOCK_CAPTURE_AUTORELEASING = YES;
				CLANG_WARN_BOOL_CONVERSION = YES;
				CLANG_WARN_COMMA = YES;
				CLANG_WARN_CONSTANT_CONVERSION = YES;
				CLANG_WARN_DEPRECATED_OBJC_IMPLEMENTATIONS = YES;
				CLANG_WARN_DIRECT_OBJC_ISA_USAGE = YES_ERROR;
				CLANG_WARN_DOCUMENTATION_COMMENTS = YES;
				CLANG_WARN_EMPTY_BODY = YES;
				CLANG_WARN_ENUM_CONVERSION = YES;
				CLANG_WARN_INFINITE_RECURSION = YES;
				CLANG_WARN_INT_CONVERSION = YES;
				CLANG_WARN_NON_LITERAL_NULL_CONVERSION = YES;
				CLANG_WARN_OBJC_IMPLICIT_RETAIN_SELF = YES;
				CLANG_WARN_OBJC_LITERAL_CONVERSION = YES;
				CLANG_WARN_OBJC_ROOT_CLASS = YES_ERROR;
				CLANG_WARN_QUOTED_INCLUDE_IN_FRAMEWORK_HEADER = YES;
				CLANG_WARN_RANGE_LOOP_ANALYSIS = YES;
				CLANG_WARN_STRICT_PROTOTYPES = YES;
				CLANG_WARN_SUSPICIOUS_MOVE = YES;
				CLANG_WARN_UNGUARDED_AVAILABILITY = YES_AGGRESSIVE;
				CLANG_WARN_UNREACHABLE_CODE = YES;
				CLANG_WARN__DUPLICATE_METHOD_MATCH = YES;
				COPY_PHASE_STRIP = NO;
				DEBUG_INFORMATION_FORMAT = "dwarf-with-dsym";
				ENABLE_NS_ASSERTIONS = NO;
				ENABLE_STRICT_OBJC_MSGSEND = YES;
				ENABLE_USER_SCRIPT_SANDBOXING = YES;
				GCC_C_LANGUAGE_STANDARD = gnu17;
				GCC_NO_COMMON_BLOCKS = YES;
				GCC_WARN_64_TO_32_BIT_CONVERSION = YES;
				GCC_WARN_ABOUT_RETURN_TYPE = YES_ERROR;
				GCC_WARN_UNDECLARED_SELECTOR = YES;
				GCC_WARN_UNINITIALIZED_AUTOS = YES_AGGRESSIVE;
				GCC_WARN_UNUSED_FUNCTION = YES;
				GCC_WARN_UNUSED_VARIABLE = YES;
				IPHONEOS_DEPLOYMENT_TARGET = 18.1;
				LOCALIZATION_PREFERS_STRING_CATALOGS = YES;
				MTL_ENABLE_DEBUG_INFO = NO;
				MTL_FAST_MATH = YES;
				SDKROOT = iphoneos;
				SWIFT_COMPILATION_MODE = wholemodule;
				VALIDATE_PRODUCT = YES;
			};
			name = Release;
		};
		05FDE4272CFD8F8600AB112B /* Debug */ = {
			isa = XCBuildConfiguration;
			buildSettings = {
				BUNDLE_LOADER = "$(TEST_HOST)";
				CODE_SIGN_STYLE = Automatic;
				CURRENT_PROJECT_VERSION = 1;
				GENERATE_INFOPLIST_FILE = YES;
				IPHONEOS_DEPLOYMENT_TARGET = 18.1;
				MARKETING_VERSION = 1.0;
				PRODUCT_BUNDLE_IDENTIFIER = com.example.practyice111Tests;
				PRODUCT_NAME = "$(TARGET_NAME)";
				SWIFT_EMIT_LOC_STRINGS = NO;
				SWIFT_VERSION = 5.0;
				TARGETED_DEVICE_FAMILY = "1,2";
				TEST_HOST = "$(BUILT_PRODUCTS_DIR)/practyice111.app/$(BUNDLE_EXECUTABLE_FOLDER_PATH)/practyice111";
			};
			name = Debug;
		};
		05FDE4282CFD8F8600AB112B /* Release */ = {
			isa = XCBuildConfiguration;
			buildSettings = {
				BUNDLE_LOADER = "$(TEST_HOST)";
				CODE_SIGN_STYLE = Automatic;
				CURRENT_PROJECT_VERSION = 1;
				GENERATE_INFOPLIST_FILE = YES;
				IPHONEOS_DEPLOYMENT_TARGET = 18.1;
				MARKETING_VERSION = 1.0;
				PRODUCT_BUNDLE_IDENTIFIER = com.example.practyice111Tests;
				PRODUCT_NAME = "$(TARGET_NAME)";
				SWIFT_EMIT_LOC_STRINGS = NO;
				SWIFT_VERSION = 5.0;
				TARGETED_DEVICE_FAMILY = "1,2";
				TEST_HOST = "$(BUILT_PRODUCTS_DIR)/practyice111.app/$(BUNDLE_EXECUTABLE_FOLDER_PATH)/practyice111";
			};
			name = Release;
		};
		05FDE42A2CFD8F8600AB112B /* Debug */ = {
			isa = XCBuildConfiguration;
			buildSettings = {
				CODE_SIGN_STYLE = Automatic;
				CURRENT_PROJECT_VERSION = 1;
				GENERATE_INFOPLIST_FILE = YES;
				MARKETING_VERSION = 1.0;
				PRODUCT_BUNDLE_IDENTIFIER = com.example.practyice111UITests;
				PRODUCT_NAME = "$(TARGET_NAME)";
				SWIFT_EMIT_LOC_STRINGS = NO;
				SWIFT_VERSION = 5.0;
				TARGETED_DEVICE_FAMILY = "1,2";
				TEST_TARGET_NAME = practyice111;
			};
			name = Debug;
		};
		05FDE42B2CFD8F8600AB112B /* Release */ = {
			isa = XCBuildConfiguration;
			buildSettings = {
				CODE_SIGN_STYLE = Automatic;
				CURRENT_PROJECT_VERSION = 1;
				GENERATE_INFOPLIST_FILE = YES;
				MARKETING_VERSION = 1.0;
				PRODUCT_BUNDLE_IDENTIFIER = com.example.practyice111UITests;
				PRODUCT_NAME = "$(TARGET_NAME)";
				SWIFT_EMIT_LOC_STRINGS = NO;
				SWIFT_VERSION = 5.0;
				TARGETED_DEVICE_FAMILY = "1,2";
				TEST_TARGET_NAME = practyice111;
			};
			name = Release;
		};
/* End XCBuildConfiguration section */

/* Begin XCConfigurationList section */
		05FDE3F32CFD8F8500AB112B /* Build configuration list for PBXProject "practyice111" */ = {
			isa = XCConfigurationList;
			buildConfigurations = (
				05FDE4242CFD8F8600AB112B /* Debug */,
				05FDE4252CFD8F8600AB112B /* Release */,
			);
			defaultConfigurationIsVisible = 0;
			defaultConfigurationName = Release;
		};
		05FDE4212CFD8F8600AB112B /* Build configuration list for PBXNativeTarget "practyice111" */ = {
			isa = XCConfigurationList;
			buildConfigurations = (
				05FDE4222CFD8F8600AB112B /* Debug */,
				05FDE4232CFD8F8600AB112B /* Release */,
			);
			defaultConfigurationIsVisible = 0;
			defaultConfigurationName = Release;
		};
		05FDE4262CFD8F8600AB112B /* Build configuration list for PBXNativeTarget "practyice111Tests" */ = {
			isa = XCConfigurationList;
			buildConfigurations = (
				05FDE4272CFD8F8600AB112B /* Debug */,
				05FDE4282CFD8F8600AB112B /* Release */,
			);
			defaultConfigurationIsVisible = 0;
			defaultConfigurationName = Release;
		};
		05FDE4292CFD8F8600AB112B /* Build configuration list for PBXNativeTarget "practyice111UITests" */ = {
			isa = XCConfigurationList;
			buildConfigurations = (
				05FDE42A2CFD8F8600AB112B /* Debug */,
				05FDE42B2CFD8F8600AB112B /* Release */,
			);
			defaultConfigurationIsVisible = 0;
			defaultConfigurationName = Release;
		};
/* End XCConfigurationList section */
	};
	rootObject = 05FDE3F02CFD8F8500AB112B /* Project object */;
}
